<?xml version="1.0" encoding="utf-8"?>
<Project ToolsVersion="4.0" xmlns="http://schemas.microsoft.com/developer/msbuild/2003">
  <ItemGroup>
    <Filter Include="源文件">
      <UniqueIdentifier>{4FC737F1-C7A5-4376-A066-2A32D752A2FF}</UniqueIdentifier>
      <Extensions>cpp;c;cc;cxx;def;odl;idl;hpj;bat;asm;asmx</Extensions>
    </Filter>
    <Filter Include="头文件">
      <UniqueIdentifier>{93995380-89BD-4b04-88EB-625FBE52EBFB}</UniqueIdentifier>
      <Extensions>h;hh;hpp;hxx;hm;inl;inc;xsd</Extensions>
    </Filter>
    <Filter Include="资源文件">
      <UniqueIdentifier>{67DA6AB6-F800-4c08-8B7A-83BB121AAD01}</UniqueIdentifier>
      <Extensions>rc;ico;cur;bmp;dlg;rc2;rct;bin;rgs;gif;jpg;jpeg;jpe;resx;tiff;tif;png;wav;mfcribbon-ms</Extensions>
    </Filter>
    <Filter Include="主对话框">
      <UniqueIdentifier>{ca44cb10-8430-4b73-8f33-e52de7271119}</UniqueIdentifier>
    </Filter>
    <Filter Include="Tab控件">
      <UniqueIdentifier>{4533385e-7590-461d-b1d5-3e5d5cf36bfb}</UniqueIdentifier>
    </Filter>
    <Filter Include="vs工程清理">
      <UniqueIdentifier>{acaf01a1-85b5-4bf5-b53b-f3a60feca496}</UniqueIdentifier>
    </Filter>
    <Filter Include="服务">
      <UniqueIdentifier>{8f176f64-44f3-4b5a-985c-61b0e401983e}</UniqueIdentifier>
    </Filter>
    <Filter Include="计算文件MD5值">
      <UniqueIdentifier>{fe57862f-aea5-41bb-8d7c-8e25ebe051a2}</UniqueIdentifier>
    </Filter>
    <Filter Include="解析PE">
      <UniqueIdentifier>{4b93876a-2fd7-4c55-a500-547d32d158eb}</UniqueIdentifier>
    </Filter>
    <Filter Include="杀毒">
      <UniqueIdentifier>{9167371f-bce2-4c0f-b933-8e0d4e4c7e29}</UniqueIdentifier>
    </Filter>
    <Filter Include="进程">
      <UniqueIdentifier>{18f91ac8-2e8d-4f45-a64f-49bcfa1b865a}</UniqueIdentifier>
    </Filter>
    <Filter Include="垃圾 内存 工具">
      <UniqueIdentifier>{48b103aa-bb89-43d0-a93e-ca5e89006ffc}</UniqueIdentifier>
    </Filter>
    <Filter Include="解析PE\导出表">
      <UniqueIdentifier>{87c83eae-b604-4971-a69a-a9fed71c2463}</UniqueIdentifier>
    </Filter>
    <Filter Include="解析PE\解析PE主界面">
      <UniqueIdentifier>{0876783d-6396-45b4-816a-19e12289c2c1}</UniqueIdentifier>
    </Filter>
    <Filter Include="解析PE\数据处理">
      <UniqueIdentifier>{52f1321d-253f-4156-824f-39adfa838968}</UniqueIdentifier>
    </Filter>
    <Filter Include="解析PE\导入表">
      <UniqueIdentifier>{15460038-a4fe-4a83-97a5-0972facd2079}</UniqueIdentifier>
    </Filter>
    <Filter Include="解析PE\资源表">
      <UniqueIdentifier>{65c4e3e0-13c3-43c4-8e42-9875196db2bf}</UniqueIdentifier>
    </Filter>
  </ItemGroup>
  <ItemGroup>
    <Text Include="ReadMe.txt" />
  </ItemGroup>
  <ItemGroup>
    <ClInclude Include="AzusaDefender.h">
      <Filter>头文件</Filter>
    </ClInclude>
    <ClInclude Include="stdafx.h">
      <Filter>头文件</Filter>
    </ClInclude>
    <ClInclude Include="targetver.h">
      <Filter>头文件</Filter>
    </ClInclude>
    <ClInclude Include="Resource.h">
      <Filter>头文件</Filter>
    </ClInclude>
    <ClInclude Include="AzusaDefenderDlg.h">
      <Filter>主对话框</Filter>
    </ClInclude>
    <ClInclude Include="MyTabCtrl.h">
      <Filter>Tab控件</Filter>
    </ClInclude>
    <ClInclude Include="DiaA.h">
      <Filter>垃圾 内存 工具</Filter>
    </ClInclude>
    <ClInclude Include="DiaB.h">
      <Filter>进程</Filter>
    </ClInclude>
    <ClInclude Include="DiaVs.h">
      <Filter>vs工程清理</Filter>
    </ClInclude>
    <ClInclude Include="MyListBox.h">
      <Filter>vs工程清理</Filter>
    </ClInclude>
    <ClInclude Include="DiaC.h">
      <Filter>服务</Filter>
    </ClInclude>
    <ClInclude Include="MD5.h">
      <Filter>计算文件MD5值</Filter>
    </ClInclude>
    <ClInclude Include="DiaD.h">
      <Filter>杀毒</Filter>
    </ClInclude>
    <ClInclude Include="ExportTable.h">
      <Filter>解析PE\导出表</Filter>
    </ClInclude>
    <ClInclude Include="DiaPe.h">
      <Filter>解析PE\解析PE主界面</Filter>
    </ClInclude>
    <ClInclude Include="LordPe.h">
      <Filter>解析PE\数据处理</Filter>
    </ClInclude>
    <ClInclude Include="ImportTable.h">
      <Filter>解析PE\导入表</Filter>
    </ClInclude>
    <ClInclude Include="ResourceTable.h">
      <Filter>解析PE\资源表</Filter>
    </ClInclude>
  </ItemGroup>
  <ItemGroup>
    <ClCompile Include="AzusaDefender.cpp">
      <Filter>源文件</Filter>
    </ClCompile>
    <ClCompile Include="stdafx.cpp">
      <Filter>源文件</Filter>
    </ClCompile>
    <ClCompile Include="AzusaDefenderDlg.cpp">
      <Filter>主对话框</Filter>
    </ClCompile>
    <ClCompile Include="MyTabCtrl.cpp">
      <Filter>Tab控件</Filter>
    </ClCompile>
    <ClCompile Include="DiaA.cpp">
      <Filter>垃圾 内存 工具</Filter>
    </ClCompile>
    <ClCompile Include="DiaB.cpp">
      <Filter>进程</Filter>
    </ClCompile>
    <ClCompile Include="DiaVs.cpp">
      <Filter>vs工程清理</Filter>
    </ClCompile>
    <ClCompile Include="MyListBox.cpp">
      <Filter>vs工程清理</Filter>
    </ClCompile>
    <ClCompile Include="DiaC.cpp">
      <Filter>服务</Filter>
    </ClCompile>
    <ClCompile Include="MD5.cpp">
      <Filter>计算文件MD5值</Filter>
    </ClCompile>
    <ClCompile Include="DiaD.cpp">
      <Filter>杀毒</Filter>
    </ClCompile>
    <ClCompile Include="ExportTable.cpp">
      <Filter>解析PE\导出表</Filter>
    </ClCompile>
    <ClCompile Include="DiaPe.cpp">
      <Filter>解析PE\解析PE主界面</Filter>
    </ClCompile>
    <ClCompile Include="LordPe.cpp">
      <Filter>解析PE\数据处理</Filter>
    </ClCompile>
    <ClCompile Include="ImportTable.cpp">
      <Filter>解析PE\导入表</Filter>
    </ClCompile>
    <ClCompile Include="ResourceTable.cpp">
      <Filter>解析PE\资源表</Filter>
    </ClCompile>
  </ItemGroup>
  <ItemGroup>
    <ResourceCompile Include="AzusaDefender.rc">
      <Filter>资源文件</Filter>
    </ResourceCompile>
  </ItemGroup>
  <ItemGroup>
    <None Include="res\AzusaDefender.rc2">
      <Filter>资源文件</Filter>
    </None>
  </ItemGroup>
  <ItemGroup>
    <Image Include="res\AzusaDefender.ico">
      <Filter>资源文件</Filter>
    </Image>
  </ItemGroup>
</Project>